// !$*UTF8*$!
{
	archiveVersion = 1;
	classes = {
	};
	objectVersion = 56;
	objects = {

/* Begin PBXBuildFile section */
		074F3B0B292261EA00D36C89 /* CandidatesCell.swift in Sources */ = {isa = PBXBuildFile; fileRef = 074F3B0A292261EA00D36C89 /* CandidatesCell.swift */; };
		6A0041D72919E68D0042E02F /* MainTabCoordinator.swift in Sources */ = {isa = PBXBuildFile; fileRef = 6A0041D62919E68C0042E02F /* MainTabCoordinator.swift */; };
		6A0041D92919E6B60042E02F /* CoordinatorInterface.swift in Sources */ = {isa = PBXBuildFile; fileRef = 6A0041D82919E6B60042E02F /* CoordinatorInterface.swift */; };
		6A0041DB2919E9420042E02F /* AppCoordinator.swift in Sources */ = {isa = PBXBuildFile; fileRef = 6A0041DA2919E9420042E02F /* AppCoordinator.swift */; };
		6A0041DD2919EADC0042E02F /* HomeCoordinator.swift in Sources */ = {isa = PBXBuildFile; fileRef = 6A0041DC2919EADC0042E02F /* HomeCoordinator.swift */; };
		6A0041E02919EB230042E02F /* LoginViewController.swift in Sources */ = {isa = PBXBuildFile; fileRef = 6A0041DF2919EB230042E02F /* LoginViewController.swift */; };
		6A0041E22919EB780042E02F /* RegisterViewController.swift in Sources */ = {isa = PBXBuildFile; fileRef = 6A0041E12919EB780042E02F /* RegisterViewController.swift */; };
		6A0041E42919EBA40042E02F /* AuthCoordinator.swift in Sources */ = {isa = PBXBuildFile; fileRef = 6A0041E32919EBA40042E02F /* AuthCoordinator.swift */; };
		6A0041EB2919ED5F0042E02F /* HomeViewController.swift in Sources */ = {isa = PBXBuildFile; fileRef = 6A0041EA2919ED5F0042E02F /* HomeViewController.swift */; };
		6A0041EE2919ED7F0042E02F /* DetailViewController.swift in Sources */ = {isa = PBXBuildFile; fileRef = 6A0041ED2919ED7F0042E02F /* DetailViewController.swift */; };
		6A0041F42919EDC20042E02F /* ChatListViewController.swift in Sources */ = {isa = PBXBuildFile; fileRef = 6A0041F32919EDC20042E02F /* ChatListViewController.swift */; };
		6A0041F62919EE010042E02F /* ChattingRoomViewController.swift in Sources */ = {isa = PBXBuildFile; fileRef = 6A0041F52919EE010042E02F /* ChattingRoomViewController.swift */; };
		6A0041FB2919EE600042E02F /* MyPageViewController.swift in Sources */ = {isa = PBXBuildFile; fileRef = 6A0041FA2919EE600042E02F /* MyPageViewController.swift */; };
		6A0041FD2919EE7B0042E02F /* ServiceTermViewController.swift in Sources */ = {isa = PBXBuildFile; fileRef = 6A0041FC2919EE7B0042E02F /* ServiceTermViewController.swift */; };
		6A0041FF2919EE920042E02F /* ModificationViewController.swift in Sources */ = {isa = PBXBuildFile; fileRef = 6A0041FE2919EE920042E02F /* ModificationViewController.swift */; };
		6A0042032919EEED0042E02F /* ChatCoordinator.swift in Sources */ = {isa = PBXBuildFile; fileRef = 6A0042022919EEED0042E02F /* ChatCoordinator.swift */; };
		6A0042062919EF220042E02F /* MyPageCoordinator.swift in Sources */ = {isa = PBXBuildFile; fileRef = 6A0042052919EF220042E02F /* MyPageCoordinator.swift */; };
		6A03B6EC2923BD8C00AC15A6 /* PhoneNumberViewModel.swift in Sources */ = {isa = PBXBuildFile; fileRef = 6A03B6EB2923BD8C00AC15A6 /* PhoneNumberViewModel.swift */; };
		6A03B6EE2923BF2300AC15A6 /* CertificationViewModel.swift in Sources */ = {isa = PBXBuildFile; fileRef = 6A03B6ED2923BF2300AC15A6 /* CertificationViewModel.swift */; };
		6A444533291EA23F009AE2E5 /* UIColor.swift in Sources */ = {isa = PBXBuildFile; fileRef = 6A444532291EA23F009AE2E5 /* UIColor.swift */; };
		6A8B0724292330D100492123 /* GoogleService-Info.plist in Resources */ = {isa = PBXBuildFile; fileRef = 6A8B0723292330D100492123 /* GoogleService-Info.plist */; };
		6A8C88902919031A009EDBBB /* AppDelegate.swift in Sources */ = {isa = PBXBuildFile; fileRef = 6A8C888F2919031A009EDBBB /* AppDelegate.swift */; };
		6A8C88922919031A009EDBBB /* SceneDelegate.swift in Sources */ = {isa = PBXBuildFile; fileRef = 6A8C88912919031A009EDBBB /* SceneDelegate.swift */; };
		6A8C88942919031A009EDBBB /* ViewController.swift in Sources */ = {isa = PBXBuildFile; fileRef = 6A8C88932919031A009EDBBB /* ViewController.swift */; };
		6A8C88972919031A009EDBBB /* Main.storyboard in Resources */ = {isa = PBXBuildFile; fileRef = 6A8C88952919031A009EDBBB /* Main.storyboard */; };
		6A8C88992919031D009EDBBB /* Assets.xcassets in Resources */ = {isa = PBXBuildFile; fileRef = 6A8C88982919031D009EDBBB /* Assets.xcassets */; };
		6A8C889C2919031D009EDBBB /* LaunchScreen.storyboard in Resources */ = {isa = PBXBuildFile; fileRef = 6A8C889A2919031D009EDBBB /* LaunchScreen.storyboard */; };
		6A97FE63291CE0C2006F6DD9 /* UIImage+shadow.swift in Sources */ = {isa = PBXBuildFile; fileRef = 6A97FE62291CE0C2006F6DD9 /* UIImage+shadow.swift */; };
		6A97FE66291CE29E006F6DD9 /* LoginViewModel.swift in Sources */ = {isa = PBXBuildFile; fileRef = 6A97FE65291CE29E006F6DD9 /* LoginViewModel.swift */; };
		6ADEE4E72922198200AD328B /* UIControl+Publisher.swift in Sources */ = {isa = PBXBuildFile; fileRef = 6ADEE4E62922198200AD328B /* UIControl+Publisher.swift */; };
		6ADEE4EA29221CB800AD328B /* UIButton+Publisher.swift in Sources */ = {isa = PBXBuildFile; fileRef = 6ADEE4E929221CB800AD328B /* UIButton+Publisher.swift */; };
		6ADEE4EC29221CD900AD328B /* UITextField+Publisher.swift in Sources */ = {isa = PBXBuildFile; fileRef = 6ADEE4EB29221CD900AD328B /* UITextField+Publisher.swift */; };
		6AE21021291DE06600A32280 /* SelectableCell.swift in Sources */ = {isa = PBXBuildFile; fileRef = 6AE21020291DE06600A32280 /* SelectableCell.swift */; };
		B30A8ECE291C953F00ED4906 /* FirebaseAnalytics in Frameworks */ = {isa = PBXBuildFile; productRef = B30A8ECD291C953F00ED4906 /* FirebaseAnalytics */; };
		B30A8ED0291C953F00ED4906 /* FirebaseAuth in Frameworks */ = {isa = PBXBuildFile; productRef = B30A8ECF291C953F00ED4906 /* FirebaseAuth */; };
		B30A8ED2291C953F00ED4906 /* FirebaseFirestore in Frameworks */ = {isa = PBXBuildFile; productRef = B30A8ED1291C953F00ED4906 /* FirebaseFirestore */; };
		B30A8ED4291C953F00ED4906 /* FirebaseStorage in Frameworks */ = {isa = PBXBuildFile; productRef = B30A8ED3291C953F00ED4906 /* FirebaseStorage */; };
		B30A8F0F291CB4AC00ED4906 /* PhoneNumberViewController.swift in Sources */ = {isa = PBXBuildFile; fileRef = B30A8F0E291CB4AC00ED4906 /* PhoneNumberViewController.swift */; };
		B30A8F11291CB4F100ED4906 /* CertificationNumberViewController.swift in Sources */ = {isa = PBXBuildFile; fileRef = B30A8F10291CB4F100ED4906 /* CertificationNumberViewController.swift */; };
		B31A68272919F5D2001D35E9 /* .swiftlint.yml in Resources */ = {isa = PBXBuildFile; fileRef = B31A68262919F5D2001D35E9 /* .swiftlint.yml */; };
		B31A682A291A4257001D35E9 /* Then in Frameworks */ = {isa = PBXBuildFile; productRef = B31A6829291A4257001D35E9 /* Then */; };
		B31A682D291A42BC001D35E9 /* SnapKit in Frameworks */ = {isa = PBXBuildFile; productRef = B31A682C291A42BC001D35E9 /* SnapKit */; };
		B3E029A9291DDC1500931FA2 /* GradientButton.swift in Sources */ = {isa = PBXBuildFile; fileRef = B3E029A8291DDC1500931FA2 /* GradientButton.swift */; };
/* End PBXBuildFile section */

/* Begin PBXFileReference section */
		074F3B0A292261EA00D36C89 /* CandidatesCell.swift */ = {isa = PBXFileReference; lastKnownFileType = sourcecode.swift; path = CandidatesCell.swift; sourceTree = "<group>"; };
		6A0041D62919E68C0042E02F /* MainTabCoordinator.swift */ = {isa = PBXFileReference; lastKnownFileType = sourcecode.swift; path = MainTabCoordinator.swift; sourceTree = "<group>"; };
		6A0041D82919E6B60042E02F /* CoordinatorInterface.swift */ = {isa = PBXFileReference; lastKnownFileType = sourcecode.swift; path = CoordinatorInterface.swift; sourceTree = "<group>"; };
		6A0041DA2919E9420042E02F /* AppCoordinator.swift */ = {isa = PBXFileReference; lastKnownFileType = sourcecode.swift; path = AppCoordinator.swift; sourceTree = "<group>"; };
		6A0041DC2919EADC0042E02F /* HomeCoordinator.swift */ = {isa = PBXFileReference; lastKnownFileType = sourcecode.swift; path = HomeCoordinator.swift; sourceTree = "<group>"; };
		6A0041DF2919EB230042E02F /* LoginViewController.swift */ = {isa = PBXFileReference; lastKnownFileType = sourcecode.swift; path = LoginViewController.swift; sourceTree = "<group>"; };
		6A0041E12919EB780042E02F /* RegisterViewController.swift */ = {isa = PBXFileReference; lastKnownFileType = sourcecode.swift; path = RegisterViewController.swift; sourceTree = "<group>"; };
		6A0041E32919EBA40042E02F /* AuthCoordinator.swift */ = {isa = PBXFileReference; lastKnownFileType = sourcecode.swift; path = AuthCoordinator.swift; sourceTree = "<group>"; };
		6A0041EA2919ED5F0042E02F /* HomeViewController.swift */ = {isa = PBXFileReference; lastKnownFileType = sourcecode.swift; path = HomeViewController.swift; sourceTree = "<group>"; };
		6A0041ED2919ED7F0042E02F /* DetailViewController.swift */ = {isa = PBXFileReference; lastKnownFileType = sourcecode.swift; path = DetailViewController.swift; sourceTree = "<group>"; };
		6A0041F32919EDC20042E02F /* ChatListViewController.swift */ = {isa = PBXFileReference; lastKnownFileType = sourcecode.swift; path = ChatListViewController.swift; sourceTree = "<group>"; };
		6A0041F52919EE010042E02F /* ChattingRoomViewController.swift */ = {isa = PBXFileReference; lastKnownFileType = sourcecode.swift; path = ChattingRoomViewController.swift; sourceTree = "<group>"; };
		6A0041FA2919EE600042E02F /* MyPageViewController.swift */ = {isa = PBXFileReference; lastKnownFileType = sourcecode.swift; path = MyPageViewController.swift; sourceTree = "<group>"; };
		6A0041FC2919EE7B0042E02F /* ServiceTermViewController.swift */ = {isa = PBXFileReference; lastKnownFileType = sourcecode.swift; path = ServiceTermViewController.swift; sourceTree = "<group>"; };
		6A0041FE2919EE920042E02F /* ModificationViewController.swift */ = {isa = PBXFileReference; lastKnownFileType = sourcecode.swift; path = ModificationViewController.swift; sourceTree = "<group>"; };
		6A0042022919EEED0042E02F /* ChatCoordinator.swift */ = {isa = PBXFileReference; lastKnownFileType = sourcecode.swift; path = ChatCoordinator.swift; sourceTree = "<group>"; };
		6A0042052919EF220042E02F /* MyPageCoordinator.swift */ = {isa = PBXFileReference; lastKnownFileType = sourcecode.swift; path = MyPageCoordinator.swift; sourceTree = "<group>"; };
		6A03B6EB2923BD8C00AC15A6 /* PhoneNumberViewModel.swift */ = {isa = PBXFileReference; lastKnownFileType = sourcecode.swift; path = PhoneNumberViewModel.swift; sourceTree = "<group>"; };
		6A03B6ED2923BF2300AC15A6 /* CertificationViewModel.swift */ = {isa = PBXFileReference; lastKnownFileType = sourcecode.swift; path = CertificationViewModel.swift; sourceTree = "<group>"; };
		6A444532291EA23F009AE2E5 /* UIColor.swift */ = {isa = PBXFileReference; lastKnownFileType = sourcecode.swift; path = UIColor.swift; sourceTree = "<group>"; };
		6A8B07222923274400492123 /* Soulmate.entitlements */ = {isa = PBXFileReference; lastKnownFileType = text.plist.entitlements; path = Soulmate.entitlements; sourceTree = "<group>"; };
		6A8B0723292330D100492123 /* GoogleService-Info.plist */ = {isa = PBXFileReference; fileEncoding = 4; lastKnownFileType = text.plist.xml; path = "GoogleService-Info.plist"; sourceTree = "<group>"; };
		6A8C888C2919031A009EDBBB /* Soulmate.app */ = {isa = PBXFileReference; explicitFileType = wrapper.application; includeInIndex = 0; path = Soulmate.app; sourceTree = BUILT_PRODUCTS_DIR; };
		6A8C888F2919031A009EDBBB /* AppDelegate.swift */ = {isa = PBXFileReference; lastKnownFileType = sourcecode.swift; path = AppDelegate.swift; sourceTree = "<group>"; };
		6A8C88912919031A009EDBBB /* SceneDelegate.swift */ = {isa = PBXFileReference; lastKnownFileType = sourcecode.swift; path = SceneDelegate.swift; sourceTree = "<group>"; };
		6A8C88932919031A009EDBBB /* ViewController.swift */ = {isa = PBXFileReference; lastKnownFileType = sourcecode.swift; path = ViewController.swift; sourceTree = "<group>"; };
		6A8C88962919031A009EDBBB /* Base */ = {isa = PBXFileReference; lastKnownFileType = file.storyboard; name = Base; path = Base.lproj/Main.storyboard; sourceTree = "<group>"; };
		6A8C88982919031D009EDBBB /* Assets.xcassets */ = {isa = PBXFileReference; lastKnownFileType = folder.assetcatalog; path = Assets.xcassets; sourceTree = "<group>"; };
		6A8C889B2919031D009EDBBB /* Base */ = {isa = PBXFileReference; lastKnownFileType = file.storyboard; name = Base; path = Base.lproj/LaunchScreen.storyboard; sourceTree = "<group>"; };
		6A8C889D2919031D009EDBBB /* Info.plist */ = {isa = PBXFileReference; lastKnownFileType = text.plist.xml; path = Info.plist; sourceTree = "<group>"; };
		6A97FE62291CE0C2006F6DD9 /* UIImage+shadow.swift */ = {isa = PBXFileReference; lastKnownFileType = sourcecode.swift; path = "UIImage+shadow.swift"; sourceTree = "<group>"; };
		6A97FE65291CE29E006F6DD9 /* LoginViewModel.swift */ = {isa = PBXFileReference; lastKnownFileType = sourcecode.swift; path = LoginViewModel.swift; sourceTree = "<group>"; };
		6ADEE4E62922198200AD328B /* UIControl+Publisher.swift */ = {isa = PBXFileReference; lastKnownFileType = sourcecode.swift; path = "UIControl+Publisher.swift"; sourceTree = "<group>"; };
		6ADEE4E929221CB800AD328B /* UIButton+Publisher.swift */ = {isa = PBXFileReference; lastKnownFileType = sourcecode.swift; path = "UIButton+Publisher.swift"; sourceTree = "<group>"; };
		6ADEE4EB29221CD900AD328B /* UITextField+Publisher.swift */ = {isa = PBXFileReference; lastKnownFileType = sourcecode.swift; path = "UITextField+Publisher.swift"; sourceTree = "<group>"; };
		6AE21020291DE06600A32280 /* SelectableCell.swift */ = {isa = PBXFileReference; lastKnownFileType = sourcecode.swift; path = SelectableCell.swift; sourceTree = "<group>"; };
		B30A8F0E291CB4AC00ED4906 /* PhoneNumberViewController.swift */ = {isa = PBXFileReference; lastKnownFileType = sourcecode.swift; path = PhoneNumberViewController.swift; sourceTree = "<group>"; };
		B30A8F10291CB4F100ED4906 /* CertificationNumberViewController.swift */ = {isa = PBXFileReference; lastKnownFileType = sourcecode.swift; path = CertificationNumberViewController.swift; sourceTree = "<group>"; };
		B31A68262919F5D2001D35E9 /* .swiftlint.yml */ = {isa = PBXFileReference; lastKnownFileType = text.yaml; path = .swiftlint.yml; sourceTree = "<group>"; };
		B3E029A8291DDC1500931FA2 /* GradientButton.swift */ = {isa = PBXFileReference; lastKnownFileType = sourcecode.swift; path = GradientButton.swift; sourceTree = "<group>"; };
/* End PBXFileReference section */

/* Begin PBXFrameworksBuildPhase section */
		6A8C88892919031A009EDBBB /* Frameworks */ = {
			isa = PBXFrameworksBuildPhase;
			buildActionMask = 2147483647;
			files = (
				B31A682A291A4257001D35E9 /* Then in Frameworks */,
				B31A682D291A42BC001D35E9 /* SnapKit in Frameworks */,
				B30A8ECE291C953F00ED4906 /* FirebaseAnalytics in Frameworks */,
				B30A8ED2291C953F00ED4906 /* FirebaseFirestore in Frameworks */,
				B30A8ED0291C953F00ED4906 /* FirebaseAuth in Frameworks */,
				B30A8ED4291C953F00ED4906 /* FirebaseStorage in Frameworks */,
			);
			runOnlyForDeploymentPostprocessing = 0;
		};
/* End PBXFrameworksBuildPhase section */

/* Begin PBXGroup section */
		074F3B072922610900D36C89 /* View */ = {
			isa = PBXGroup;
			children = (
				074F3B0A292261EA00D36C89 /* CandidatesCell.swift */,
			);
			path = View;
			sourceTree = "<group>";
		};
		6A0041D32919E6490042E02F /* AuthScene */ = {
			isa = PBXGroup;
			children = (
				6A97FE64291CE28C006F6DD9 /* ViewModel */,
				6A0041E62919ED290042E02F /* Coordinator */,
				6A0041DE2919EB120042E02F /* ViewController */,
			);
			path = AuthScene;
			sourceTree = "<group>";
		};
		6A0041D42919E6710042E02F /* Common */ = {
			isa = PBXGroup;
			children = (
				B3E029A7291DDBF200931FA2 /* Components */,
				6A0041D52919E67C0042E02F /* Coordinator */,
			);
			path = Common;
			sourceTree = "<group>";
		};
		6A0041D52919E67C0042E02F /* Coordinator */ = {
			isa = PBXGroup;
			children = (
				6A0041D62919E68C0042E02F /* MainTabCoordinator.swift */,
				6A0041D82919E6B60042E02F /* CoordinatorInterface.swift */,
				6A0041DA2919E9420042E02F /* AppCoordinator.swift */,
			);
			path = Coordinator;
			sourceTree = "<group>";
		};
		6A0041DE2919EB120042E02F /* ViewController */ = {
			isa = PBXGroup;
			children = (
				6A0041DF2919EB230042E02F /* LoginViewController.swift */,
				B30A8F0E291CB4AC00ED4906 /* PhoneNumberViewController.swift */,
				B30A8F10291CB4F100ED4906 /* CertificationNumberViewController.swift */,
				6A0041E12919EB780042E02F /* RegisterViewController.swift */,
			);
			path = ViewController;
			sourceTree = "<group>";
		};
		6A0041E62919ED290042E02F /* Coordinator */ = {
			isa = PBXGroup;
			children = (
				6A0041E32919EBA40042E02F /* AuthCoordinator.swift */,
			);
			path = Coordinator;
			sourceTree = "<group>";
		};
		6A0041E72919ED410042E02F /* HomeScene */ = {
			isa = PBXGroup;
			children = (
				6A0042002919EEB20042E02F /* Coordinator */,
				074F3B072922610900D36C89 /* View */,
				6A0041E92919ED500042E02F /* ViewModel */,
				6A0041E82919ED480042E02F /* ViewController */,
			);
			path = HomeScene;
			sourceTree = "<group>";
		};
		6A0041E82919ED480042E02F /* ViewController */ = {
			isa = PBXGroup;
			children = (
				6A0041EA2919ED5F0042E02F /* HomeViewController.swift */,
				6A0041ED2919ED7F0042E02F /* DetailViewController.swift */,
			);
			path = ViewController;
			sourceTree = "<group>";
		};
		6A0041E92919ED500042E02F /* ViewModel */ = {
			isa = PBXGroup;
			children = (
			);
			path = ViewModel;
			sourceTree = "<group>";
		};
		6A0041EF2919ED9D0042E02F /* ChatScene */ = {
			isa = PBXGroup;
			children = (
				6A0042012919EEE20042E02F /* Coordinator */,
				6A0041F12919EDA90042E02F /* ViewModel */,
				6A0041F02919EDA30042E02F /* ViewController */,
			);
			path = ChatScene;
			sourceTree = "<group>";
		};
		6A0041F02919EDA30042E02F /* ViewController */ = {
			isa = PBXGroup;
			children = (
				6A0041F32919EDC20042E02F /* ChatListViewController.swift */,
				6A0041F52919EE010042E02F /* ChattingRoomViewController.swift */,
			);
			path = ViewController;
			sourceTree = "<group>";
		};
		6A0041F12919EDA90042E02F /* ViewModel */ = {
			isa = PBXGroup;
			children = (
			);
			path = ViewModel;
			sourceTree = "<group>";
		};
		6A0041F72919EE180042E02F /* MyPageScene */ = {
			isa = PBXGroup;
			children = (
				6A0042042919EF130042E02F /* Coordinator */,
				6A0041F92919EE250042E02F /* ViewModel */,
				6A0041F82919EE1E0042E02F /* ViewController */,
			);
			path = MyPageScene;
			sourceTree = "<group>";
		};
		6A0041F82919EE1E0042E02F /* ViewController */ = {
			isa = PBXGroup;
			children = (
				6A0041FA2919EE600042E02F /* MyPageViewController.swift */,
				6A0041FC2919EE7B0042E02F /* ServiceTermViewController.swift */,
				6A0041FE2919EE920042E02F /* ModificationViewController.swift */,
			);
			path = ViewController;
			sourceTree = "<group>";
		};
		6A0041F92919EE250042E02F /* ViewModel */ = {
			isa = PBXGroup;
			children = (
			);
			path = ViewModel;
			sourceTree = "<group>";
		};
		6A0042002919EEB20042E02F /* Coordinator */ = {
			isa = PBXGroup;
			children = (
				6A0041DC2919EADC0042E02F /* HomeCoordinator.swift */,
			);
			path = Coordinator;
			sourceTree = "<group>";
		};
		6A0042012919EEE20042E02F /* Coordinator */ = {
			isa = PBXGroup;
			children = (
				6A0042022919EEED0042E02F /* ChatCoordinator.swift */,
			);
			path = Coordinator;
			sourceTree = "<group>";
		};
		6A0042042919EF130042E02F /* Coordinator */ = {
			isa = PBXGroup;
			children = (
				6A0042052919EF220042E02F /* MyPageCoordinator.swift */,
			);
			path = Coordinator;
			sourceTree = "<group>";
		};
		6A444531291EA22D009AE2E5 /* Extension */ = {
			isa = PBXGroup;
			children = (
				6ADEE4E829221C6600AD328B /* Combine */,
				6A97FE62291CE0C2006F6DD9 /* UIImage+shadow.swift */,
				6A444532291EA23F009AE2E5 /* UIColor.swift */,
			);
			path = Extension;
			sourceTree = "<group>";
		};
		6A8C88832919031A009EDBBB = {
			isa = PBXGroup;
			children = (
				6A8C888E2919031A009EDBBB /* Soulmate */,
				6A8C888D2919031A009EDBBB /* Products */,
			);
			sourceTree = "<group>";
		};
		6A8C888D2919031A009EDBBB /* Products */ = {
			isa = PBXGroup;
			children = (
				6A8C888C2919031A009EDBBB /* Soulmate.app */,
			);
			name = Products;
			sourceTree = "<group>";
		};
		6A8C888E2919031A009EDBBB /* Soulmate */ = {
			isa = PBXGroup;
			children = (
				6A8B07222923274400492123 /* Soulmate.entitlements */,
				6A97FE61291CE0A4006F6DD9 /* Util */,
				6A8C88A52919E3B6009EDBBB /* Data */,
				6A8C88A42919E3B1009EDBBB /* Domain */,
				6A8C88A32919E3AB009EDBBB /* Presentation */,
				6A8C88932919031A009EDBBB /* ViewController.swift */,
				6A8C88952919031A009EDBBB /* Main.storyboard */,
				6A8C88982919031D009EDBBB /* Assets.xcassets */,
				6A8C889A2919031D009EDBBB /* LaunchScreen.storyboard */,
				6A8C889D2919031D009EDBBB /* Info.plist */,
				6A8B0723292330D100492123 /* GoogleService-Info.plist */,
				B31A68262919F5D2001D35E9 /* .swiftlint.yml */,
			);
			path = Soulmate;
			sourceTree = "<group>";
		};
		6A8C88A32919E3AB009EDBBB /* Presentation */ = {
			isa = PBXGroup;
			children = (
				6A0041F72919EE180042E02F /* MyPageScene */,
				6A0041EF2919ED9D0042E02F /* ChatScene */,
				6A0041E72919ED410042E02F /* HomeScene */,
				6A0041D42919E6710042E02F /* Common */,
				6A0041D32919E6490042E02F /* AuthScene */,
				6A8C88AE2919E504009EDBBB /* AppScene */,
			);
			path = Presentation;
			sourceTree = "<group>";
		};
		6A8C88A42919E3B1009EDBBB /* Domain */ = {
			isa = PBXGroup;
			children = (
				6A8C88AD2919E4F4009EDBBB /* Entity */,
				6A8C88AB2919E4CF009EDBBB /* Interface */,
				6A8C88AA2919E4CA009EDBBB /* UseCase */,
			);
			path = Domain;
			sourceTree = "<group>";
		};
		6A8C88A52919E3B6009EDBBB /* Data */ = {
			isa = PBXGroup;
			children = (
				6A8C88AC2919E4E6009EDBBB /* Repository */,
			);
			path = Data;
			sourceTree = "<group>";
		};
		6A8C88AA2919E4CA009EDBBB /* UseCase */ = {
			isa = PBXGroup;
			children = (
			);
			path = UseCase;
			sourceTree = "<group>";
		};
		6A8C88AB2919E4CF009EDBBB /* Interface */ = {
			isa = PBXGroup;
			children = (
			);
			path = Interface;
			sourceTree = "<group>";
		};
		6A8C88AC2919E4E6009EDBBB /* Repository */ = {
			isa = PBXGroup;
			children = (
			);
			path = Repository;
			sourceTree = "<group>";
		};
		6A8C88AD2919E4F4009EDBBB /* Entity */ = {
			isa = PBXGroup;
			children = (
			);
			path = Entity;
			sourceTree = "<group>";
		};
		6A8C88AE2919E504009EDBBB /* AppScene */ = {
			isa = PBXGroup;
			children = (
				6A8C888F2919031A009EDBBB /* AppDelegate.swift */,
				6A8C88912919031A009EDBBB /* SceneDelegate.swift */,
			);
			path = AppScene;
			sourceTree = "<group>";
		};
		6A97FE61291CE0A4006F6DD9 /* Util */ = {
			isa = PBXGroup;
			children = (
				6A444531291EA22D009AE2E5 /* Extension */,
			);
			path = Util;
			sourceTree = "<group>";
		};
		6A97FE64291CE28C006F6DD9 /* ViewModel */ = {
			isa = PBXGroup;
			children = (
				6A97FE65291CE29E006F6DD9 /* LoginViewModel.swift */,
				6A03B6EB2923BD8C00AC15A6 /* PhoneNumberViewModel.swift */,
				6A03B6ED2923BF2300AC15A6 /* CertificationViewModel.swift */,
			);
			path = ViewModel;
			sourceTree = "<group>";
		};
		6ADEE4E829221C6600AD328B /* Combine */ = {
			isa = PBXGroup;
			children = (
				6ADEE4E62922198200AD328B /* UIControl+Publisher.swift */,
				6ADEE4E929221CB800AD328B /* UIButton+Publisher.swift */,
				6ADEE4EB29221CD900AD328B /* UITextField+Publisher.swift */,
			);
			path = Combine;
			sourceTree = "<group>";
		};
		B3E029A7291DDBF200931FA2 /* Components */ = {
			isa = PBXGroup;
			children = (
				B3E029A8291DDC1500931FA2 /* GradientButton.swift */,
				6AE21020291DE06600A32280 /* SelectableCell.swift */,
			);
			path = Components;
			sourceTree = "<group>";
		};
/* End PBXGroup section */

/* Begin PBXNativeTarget section */
		6A8C888B2919031A009EDBBB /* Soulmate */ = {
			isa = PBXNativeTarget;
			buildConfigurationList = 6A8C88A02919031D009EDBBB /* Build configuration list for PBXNativeTarget "Soulmate" */;
			buildPhases = (
				B31A68212919F3A9001D35E9 /* SwiftLint Script */,
				6A8C88882919031A009EDBBB /* Sources */,
				6A8C88892919031A009EDBBB /* Frameworks */,
				6A8C888A2919031A009EDBBB /* Resources */,
			);
			buildRules = (
			);
			dependencies = (
			);
			name = Soulmate;
			packageProductDependencies = (
				B31A6829291A4257001D35E9 /* Then */,
				B31A682C291A42BC001D35E9 /* SnapKit */,
				B30A8ECD291C953F00ED4906 /* FirebaseAnalytics */,
				B30A8ECF291C953F00ED4906 /* FirebaseAuth */,
				B30A8ED1291C953F00ED4906 /* FirebaseFirestore */,
				B30A8ED3291C953F00ED4906 /* FirebaseStorage */,
			);
			productName = Soulmate;
			productReference = 6A8C888C2919031A009EDBBB /* Soulmate.app */;
			productType = "com.apple.product-type.application";
		};
/* End PBXNativeTarget section */

/* Begin PBXProject section */
		6A8C88842919031A009EDBBB /* Project object */ = {
			isa = PBXProject;
			attributes = {
				BuildIndependentTargetsInParallel = 1;
				LastSwiftUpdateCheck = 1410;
				LastUpgradeCheck = 1410;
				TargetAttributes = {
					6A8C888B2919031A009EDBBB = {
						CreatedOnToolsVersion = 14.1;
					};
				};
			};
			buildConfigurationList = 6A8C88872919031A009EDBBB /* Build configuration list for PBXProject "Soulmate" */;
			compatibilityVersion = "Xcode 14.0";
			developmentRegion = en;
			hasScannedForEncodings = 0;
			knownRegions = (
				en,
				Base,
			);
			mainGroup = 6A8C88832919031A009EDBBB;
			packageReferences = (
				B31A6828291A4257001D35E9 /* XCRemoteSwiftPackageReference "Then" */,
				B31A682B291A42BC001D35E9 /* XCRemoteSwiftPackageReference "SnapKit" */,
				B30A8ECC291C953F00ED4906 /* XCRemoteSwiftPackageReference "firebase-ios-sdk" */,
			);
			productRefGroup = 6A8C888D2919031A009EDBBB /* Products */;
			projectDirPath = "";
			projectRoot = "";
			targets = (
				6A8C888B2919031A009EDBBB /* Soulmate */,
			);
		};
/* End PBXProject section */

/* Begin PBXResourcesBuildPhase section */
		6A8C888A2919031A009EDBBB /* Resources */ = {
			isa = PBXResourcesBuildPhase;
			buildActionMask = 2147483647;
			files = (
				B31A68272919F5D2001D35E9 /* .swiftlint.yml in Resources */,
				6A8C889C2919031D009EDBBB /* LaunchScreen.storyboard in Resources */,
				6A8B0724292330D100492123 /* GoogleService-Info.plist in Resources */,
				6A8C88992919031D009EDBBB /* Assets.xcassets in Resources */,
				6A8C88972919031A009EDBBB /* Main.storyboard in Resources */,
			);
			runOnlyForDeploymentPostprocessing = 0;
		};
/* End PBXResourcesBuildPhase section */

/* Begin PBXShellScriptBuildPhase section */
		B31A68212919F3A9001D35E9 /* SwiftLint Script */ = {
			isa = PBXShellScriptBuildPhase;
			buildActionMask = 2147483647;
			files = (
			);
			inputFileListPaths = (
			);
			inputPaths = (
			);
			name = "SwiftLint Script";
			outputFileListPaths = (
			);
			outputPaths = (
			);
			runOnlyForDeploymentPostprocessing = 0;
			shellPath = /bin/sh;
			shellScript = "# Type a script or drag a script file from your workspace to insert its path.\nexport PATH=\"$PATH:/opt/homebrew/bin\"\nif which swiftlint > /dev/null; then\n  swiftlint\nelse\n  echo \"warning: SwiftLint not installed, download from https://github.com/realm/SwiftLint\"\nfi\n";
		};
/* End PBXShellScriptBuildPhase section */

/* Begin PBXSourcesBuildPhase section */
		6A8C88882919031A009EDBBB /* Sources */ = {
			isa = PBXSourcesBuildPhase;
			buildActionMask = 2147483647;
			files = (
				6A97FE66291CE29E006F6DD9 /* LoginViewModel.swift in Sources */,
				B3E029A9291DDC1500931FA2 /* GradientButton.swift in Sources */,
				6ADEE4EC29221CD900AD328B /* UITextField+Publisher.swift in Sources */,
				6A0041E42919EBA40042E02F /* AuthCoordinator.swift in Sources */,
				6A0041E22919EB780042E02F /* RegisterViewController.swift in Sources */,
				6A0041FD2919EE7B0042E02F /* ServiceTermViewController.swift in Sources */,
				6A97FE63291CE0C2006F6DD9 /* UIImage+shadow.swift in Sources */,
				6A03B6EE2923BF2300AC15A6 /* CertificationViewModel.swift in Sources */,
				6AE21021291DE06600A32280 /* SelectableCell.swift in Sources */,
				6A0041DB2919E9420042E02F /* AppCoordinator.swift in Sources */,
				6A03B6EC2923BD8C00AC15A6 /* PhoneNumberViewModel.swift in Sources */,
				6A0041EE2919ED7F0042E02F /* DetailViewController.swift in Sources */,
				6A444533291EA23F009AE2E5 /* UIColor.swift in Sources */,
				6A8C88942919031A009EDBBB /* ViewController.swift in Sources */,
				6ADEE4EA29221CB800AD328B /* UIButton+Publisher.swift in Sources */,
				6A8C88902919031A009EDBBB /* AppDelegate.swift in Sources */,
				6ADEE4E72922198200AD328B /* UIControl+Publisher.swift in Sources */,
				6A0041D92919E6B60042E02F /* CoordinatorInterface.swift in Sources */,
				6A0042032919EEED0042E02F /* ChatCoordinator.swift in Sources */,
				6A0041E02919EB230042E02F /* LoginViewController.swift in Sources */,
				6A0041EB2919ED5F0042E02F /* HomeViewController.swift in Sources */,
				6A0042062919EF220042E02F /* MyPageCoordinator.swift in Sources */,
				B30A8F0F291CB4AC00ED4906 /* PhoneNumberViewController.swift in Sources */,
				6A8C88922919031A009EDBBB /* SceneDelegate.swift in Sources */,
				6A0041FB2919EE600042E02F /* MyPageViewController.swift in Sources */,
				B30A8F11291CB4F100ED4906 /* CertificationNumberViewController.swift in Sources */,
				6A0041DD2919EADC0042E02F /* HomeCoordinator.swift in Sources */,
				6A0041FF2919EE920042E02F /* ModificationViewController.swift in Sources */,
				6A0041F42919EDC20042E02F /* ChatListViewController.swift in Sources */,
				074F3B0B292261EA00D36C89 /* CandidatesCell.swift in Sources */,
				6A0041F62919EE010042E02F /* ChattingRoomViewController.swift in Sources */,
				6A0041D72919E68D0042E02F /* MainTabCoordinator.swift in Sources */,
			);
			runOnlyForDeploymentPostprocessing = 0;
		};
/* End PBXSourcesBuildPhase section */

/* Begin PBXVariantGroup section */
		6A8C88952919031A009EDBBB /* Main.storyboard */ = {
			isa = PBXVariantGroup;
			children = (
				6A8C88962919031A009EDBBB /* Base */,
			);
			name = Main.storyboard;
			sourceTree = "<group>";
		};
		6A8C889A2919031D009EDBBB /* LaunchScreen.storyboard */ = {
			isa = PBXVariantGroup;
			children = (
				6A8C889B2919031D009EDBBB /* Base */,
			);
			name = LaunchScreen.storyboard;
			sourceTree = "<group>";
		};
/* End PBXVariantGroup section */

/* Begin XCBuildConfiguration section */
		6A8C889E2919031D009EDBBB /* Debug */ = {
			isa = XCBuildConfiguration;
			buildSettings = {
				ALWAYS_SEARCH_USER_PATHS = NO;
				CLANG_ANALYZER_NONNULL = YES;
				CLANG_ANALYZER_NUMBER_OBJECT_CONVERSION = YES_AGGRESSIVE;
				CLANG_CXX_LANGUAGE_STANDARD = "gnu++20";
				CLANG_ENABLE_MODULES = YES;
				CLANG_ENABLE_OBJC_ARC = YES;
				CLANG_ENABLE_OBJC_WEAK = YES;
				CLANG_WARN_BLOCK_CAPTURE_AUTORELEASING = YES;
				CLANG_WARN_BOOL_CONVERSION = YES;
				CLANG_WARN_COMMA = YES;
				CLANG_WARN_CONSTANT_CONVERSION = YES;
				CLANG_WARN_DEPRECATED_OBJC_IMPLEMENTATIONS = YES;
				CLANG_WARN_DIRECT_OBJC_ISA_USAGE = YES_ERROR;
				CLANG_WARN_DOCUMENTATION_COMMENTS = YES;
				CLANG_WARN_EMPTY_BODY = YES;
				CLANG_WARN_ENUM_CONVERSION = YES;
				CLANG_WARN_INFINITE_RECURSION = YES;
				CLANG_WARN_INT_CONVERSION = YES;
				CLANG_WARN_NON_LITERAL_NULL_CONVERSION = YES;
				CLANG_WARN_OBJC_IMPLICIT_RETAIN_SELF = YES;
				CLANG_WARN_OBJC_LITERAL_CONVERSION = YES;
				CLANG_WARN_OBJC_ROOT_CLASS = YES_ERROR;
				CLANG_WARN_QUOTED_INCLUDE_IN_FRAMEWORK_HEADER = YES;
				CLANG_WARN_RANGE_LOOP_ANALYSIS = YES;
				CLANG_WARN_STRICT_PROTOTYPES = YES;
				CLANG_WARN_SUSPICIOUS_MOVE = YES;
				CLANG_WARN_UNGUARDED_AVAILABILITY = YES_AGGRESSIVE;
				CLANG_WARN_UNREACHABLE_CODE = YES;
				CLANG_WARN__DUPLICATE_METHOD_MATCH = YES;
				COPY_PHASE_STRIP = NO;
				DEBUG_INFORMATION_FORMAT = dwarf;
				ENABLE_STRICT_OBJC_MSGSEND = YES;
				ENABLE_TESTABILITY = YES;
				GCC_C_LANGUAGE_STANDARD = gnu11;
				GCC_DYNAMIC_NO_PIC = NO;
				GCC_NO_COMMON_BLOCKS = YES;
				GCC_OPTIMIZATION_LEVEL = 0;
				GCC_PREPROCESSOR_DEFINITIONS = (
					"DEBUG=1",
					"$(inherited)",
				);
				GCC_WARN_64_TO_32_BIT_CONVERSION = YES;
				GCC_WARN_ABOUT_RETURN_TYPE = YES_ERROR;
				GCC_WARN_UNDECLARED_SELECTOR = YES;
				GCC_WARN_UNINITIALIZED_AUTOS = YES_AGGRESSIVE;
				GCC_WARN_UNUSED_FUNCTION = YES;
				GCC_WARN_UNUSED_VARIABLE = YES;
				IPHONEOS_DEPLOYMENT_TARGET = 16.1;
				MTL_ENABLE_DEBUG_INFO = INCLUDE_SOURCE;
				MTL_FAST_MATH = YES;
				ONLY_ACTIVE_ARCH = YES;
				SDKROOT = iphoneos;
				SWIFT_ACTIVE_COMPILATION_CONDITIONS = DEBUG;
				SWIFT_OPTIMIZATION_LEVEL = "-Onone";
			};
			name = Debug;
		};
		6A8C889F2919031D009EDBBB /* Release */ = {
			isa = XCBuildConfiguration;
			buildSettings = {
				ALWAYS_SEARCH_USER_PATHS = NO;
				CLANG_ANALYZER_NONNULL = YES;
				CLANG_ANALYZER_NUMBER_OBJECT_CONVERSION = YES_AGGRESSIVE;
				CLANG_CXX_LANGUAGE_STANDARD = "gnu++20";
				CLANG_ENABLE_MODULES = YES;
				CLANG_ENABLE_OBJC_ARC = YES;
				CLANG_ENABLE_OBJC_WEAK = YES;
				CLANG_WARN_BLOCK_CAPTURE_AUTORELEASING = YES;
				CLANG_WARN_BOOL_CONVERSION = YES;
				CLANG_WARN_COMMA = YES;
				CLANG_WARN_CONSTANT_CONVERSION = YES;
				CLANG_WARN_DEPRECATED_OBJC_IMPLEMENTATIONS = YES;
				CLANG_WARN_DIRECT_OBJC_ISA_USAGE = YES_ERROR;
				CLANG_WARN_DOCUMENTATION_COMMENTS = YES;
				CLANG_WARN_EMPTY_BODY = YES;
				CLANG_WARN_ENUM_CONVERSION = YES;
				CLANG_WARN_INFINITE_RECURSION = YES;
				CLANG_WARN_INT_CONVERSION = YES;
				CLANG_WARN_NON_LITERAL_NULL_CONVERSION = YES;
				CLANG_WARN_OBJC_IMPLICIT_RETAIN_SELF = YES;
				CLANG_WARN_OBJC_LITERAL_CONVERSION = YES;
				CLANG_WARN_OBJC_ROOT_CLASS = YES_ERROR;
				CLANG_WARN_QUOTED_INCLUDE_IN_FRAMEWORK_HEADER = YES;
				CLANG_WARN_RANGE_LOOP_ANALYSIS = YES;
				CLANG_WARN_STRICT_PROTOTYPES = YES;
				CLANG_WARN_SUSPICIOUS_MOVE = YES;
				CLANG_WARN_UNGUARDED_AVAILABILITY = YES_AGGRESSIVE;
				CLANG_WARN_UNREACHABLE_CODE = YES;
				CLANG_WARN__DUPLICATE_METHOD_MATCH = YES;
				COPY_PHASE_STRIP = NO;
				DEBUG_INFORMATION_FORMAT = "dwarf-with-dsym";
				ENABLE_NS_ASSERTIONS = NO;
				ENABLE_STRICT_OBJC_MSGSEND = YES;
				GCC_C_LANGUAGE_STANDARD = gnu11;
				GCC_NO_COMMON_BLOCKS = YES;
				GCC_WARN_64_TO_32_BIT_CONVERSION = YES;
				GCC_WARN_ABOUT_RETURN_TYPE = YES_ERROR;
				GCC_WARN_UNDECLARED_SELECTOR = YES;
				GCC_WARN_UNINITIALIZED_AUTOS = YES_AGGRESSIVE;
				GCC_WARN_UNUSED_FUNCTION = YES;
				GCC_WARN_UNUSED_VARIABLE = YES;
				IPHONEOS_DEPLOYMENT_TARGET = 16.1;
				MTL_ENABLE_DEBUG_INFO = NO;
				MTL_FAST_MATH = YES;
				SDKROOT = iphoneos;
				SWIFT_COMPILATION_MODE = wholemodule;
				SWIFT_OPTIMIZATION_LEVEL = "-O";
				VALIDATE_PRODUCT = YES;
			};
			name = Release;
		};
		6A8C88A12919031D009EDBBB /* Debug */ = {
			isa = XCBuildConfiguration;
			buildSettings = {
				ASSETCATALOG_COMPILER_APPICON_NAME = AppIcon;
				ASSETCATALOG_COMPILER_GLOBAL_ACCENT_COLOR_NAME = AccentColor;
				CODE_SIGN_ENTITLEMENTS = Soulmate/Soulmate.entitlements;
				CODE_SIGN_STYLE = Automatic;
				CURRENT_PROJECT_VERSION = 1;
				DEVELOPMENT_TEAM = CU5DL5JJWC;
				GENERATE_INFOPLIST_FILE = YES;
				INFOPLIST_FILE = Soulmate/Info.plist;
				INFOPLIST_KEY_UIApplicationSupportsIndirectInputEvents = YES;
				INFOPLIST_KEY_UILaunchStoryboardName = LaunchScreen;
				INFOPLIST_KEY_UIMainStoryboardFile = Main;
				INFOPLIST_KEY_UISupportedInterfaceOrientations_iPad = "UIInterfaceOrientationPortrait UIInterfaceOrientationPortraitUpsideDown UIInterfaceOrientationLandscapeLeft UIInterfaceOrientationLandscapeRight";
				INFOPLIST_KEY_UISupportedInterfaceOrientations_iPhone = "UIInterfaceOrientationPortrait UIInterfaceOrientationLandscapeLeft UIInterfaceOrientationLandscapeRight";
				LD_RUNPATH_SEARCH_PATHS = (
					"$(inherited)",
					"@executable_path/Frameworks",
				);
				MARKETING_VERSION = 1.0;
				PRODUCT_BUNDLE_IDENTIFIER = CU5DL5JJWC.com.soulmate;
				PRODUCT_NAME = "$(TARGET_NAME)";
				SWIFT_EMIT_LOC_STRINGS = YES;
				SWIFT_VERSION = 5.0;
				TARGETED_DEVICE_FAMILY = "1,2";
			};
			name = Debug;
		};
		6A8C88A22919031D009EDBBB /* Release */ = {
			isa = XCBuildConfiguration;
			buildSettings = {
				ASSETCATALOG_COMPILER_APPICON_NAME = AppIcon;
				ASSETCATALOG_COMPILER_GLOBAL_ACCENT_COLOR_NAME = AccentColor;
				CODE_SIGN_ENTITLEMENTS = Soulmate/Soulmate.entitlements;
				CODE_SIGN_STYLE = Automatic;
				CURRENT_PROJECT_VERSION = 1;
				DEVELOPMENT_TEAM = CU5DL5JJWC;
				GENERATE_INFOPLIST_FILE = YES;
				INFOPLIST_FILE = Soulmate/Info.plist;
				INFOPLIST_KEY_UIApplicationSupportsIndirectInputEvents = YES;
				INFOPLIST_KEY_UILaunchStoryboardName = LaunchScreen;
				INFOPLIST_KEY_UIMainStoryboardFile = Main;
				INFOPLIST_KEY_UISupportedInterfaceOrientations_iPad = "UIInterfaceOrientationPortrait UIInterfaceOrientationPortraitUpsideDown UIInterfaceOrientationLandscapeLeft UIInterfaceOrientationLandscapeRight";
				INFOPLIST_KEY_UISupportedInterfaceOrientations_iPhone = "UIInterfaceOrientationPortrait UIInterfaceOrientationLandscapeLeft UIInterfaceOrientationLandscapeRight";
				LD_RUNPATH_SEARCH_PATHS = (
					"$(inherited)",
					"@executable_path/Frameworks",
				);
				MARKETING_VERSION = 1.0;
				PRODUCT_BUNDLE_IDENTIFIER = CU5DL5JJWC.com.soulmate;
				PRODUCT_NAME = "$(TARGET_NAME)";
				SWIFT_EMIT_LOC_STRINGS = YES;
				SWIFT_VERSION = 5.0;
				TARGETED_DEVICE_FAMILY = "1,2";
			};
			name = Release;
		};
/* End XCBuildConfiguration section */

/* Begin XCConfigurationList section */
		6A8C88872919031A009EDBBB /* Build configuration list for PBXProject "Soulmate" */ = {
			isa = XCConfigurationList;
			buildConfigurations = (
				6A8C889E2919031D009EDBBB /* Debug */,
				6A8C889F2919031D009EDBBB /* Release */,
			);
			defaultConfigurationIsVisible = 0;
			defaultConfigurationName = Release;
		};
		6A8C88A02919031D009EDBBB /* Build configuration list for PBXNativeTarget "Soulmate" */ = {
			isa = XCConfigurationList;
			buildConfigurations = (
				6A8C88A12919031D009EDBBB /* Debug */,
				6A8C88A22919031D009EDBBB /* Release */,
			);
			defaultConfigurationIsVisible = 0;
			defaultConfigurationName = Release;
		};
/* End XCConfigurationList section */

/* Begin XCRemoteSwiftPackageReference section */
		B30A8ECC291C953F00ED4906 /* XCRemoteSwiftPackageReference "firebase-ios-sdk" */ = {
			isa = XCRemoteSwiftPackageReference;
			repositoryURL = "https://github.com/firebase/firebase-ios-sdk";
			requirement = {
				branch = master;
				kind = branch;
			};
		};
		B31A6828291A4257001D35E9 /* XCRemoteSwiftPackageReference "Then" */ = {
			isa = XCRemoteSwiftPackageReference;
			repositoryURL = "https://github.com/devxoul/Then";
			requirement = {
				kind = upToNextMajorVersion;
				minimumVersion = 3.0.0;
			};
		};
		B31A682B291A42BC001D35E9 /* XCRemoteSwiftPackageReference "SnapKit" */ = {
			isa = XCRemoteSwiftPackageReference;
			repositoryURL = "https://github.com/SnapKit/SnapKit";
			requirement = {
				branch = develop;
				kind = branch;
			};
		};
/* End XCRemoteSwiftPackageReference section */

/* Begin XCSwiftPackageProductDependency section */
		B30A8ECD291C953F00ED4906 /* FirebaseAnalytics */ = {
			isa = XCSwiftPackageProductDependency;
			package = B30A8ECC291C953F00ED4906 /* XCRemoteSwiftPackageReference "firebase-ios-sdk" */;
			productName = FirebaseAnalytics;
		};
		B30A8ECF291C953F00ED4906 /* FirebaseAuth */ = {
			isa = XCSwiftPackageProductDependency;
			package = B30A8ECC291C953F00ED4906 /* XCRemoteSwiftPackageReference "firebase-ios-sdk" */;
			productName = FirebaseAuth;
		};
		B30A8ED1291C953F00ED4906 /* FirebaseFirestore */ = {
			isa = XCSwiftPackageProductDependency;
			package = B30A8ECC291C953F00ED4906 /* XCRemoteSwiftPackageReference "firebase-ios-sdk" */;
			productName = FirebaseFirestore;
		};
		B30A8ED3291C953F00ED4906 /* FirebaseStorage */ = {
			isa = XCSwiftPackageProductDependency;
			package = B30A8ECC291C953F00ED4906 /* XCRemoteSwiftPackageReference "firebase-ios-sdk" */;
			productName = FirebaseStorage;
		};
		B31A6829291A4257001D35E9 /* Then */ = {
			isa = XCSwiftPackageProductDependency;
			package = B31A6828291A4257001D35E9 /* XCRemoteSwiftPackageReference "Then" */;
			productName = Then;
		};
		B31A682C291A42BC001D35E9 /* SnapKit */ = {
			isa = XCSwiftPackageProductDependency;
			package = B31A682B291A42BC001D35E9 /* XCRemoteSwiftPackageReference "SnapKit" */;
			productName = SnapKit;
		};
/* End XCSwiftPackageProductDependency section */
	};
	rootObject = 6A8C88842919031A009EDBBB /* Project object */;
}
